
Microsoft Visual Studio Solution File, Format Version 12.00
# Visual Studio Version 16
VisualStudioVersion = 16.0.29102.190
MinimumVisualStudioVersion = 10.0.40219.1
Project("{FAE04EC0-301F-11D3-BF4B-00C04F79EFBC}") = "RomeinseRekenmachine", "RomeinseRekenmachine.csproj", "{734E6D9D-091A-428A-875F-57D49B88AD44}"
EndProject
Global
	GlobalSection(SolutionConfigurationPlatforms) = preSolution
		Debug|Any CPU = Debug|Any CPU
		Release|Any CPU = Release|Any CPU
	EndGlobalSection
	GlobalSection(ProjectConfigurationPlatforms) = postSolution
		{734E6D9D-091A-428A-875F-57D49B88AD44}.Debug|Any CPU.ActiveCfg = Debug|Any CPU
		{734E6D9D-091A-428A-875F-57D49B88AD44}.Debug|Any CPU.Build.0 = Debug|Any CPU
		{734E6D9D-091A-428A-875F-57D49B88AD44}.Release|Any CPU.ActiveCfg = Release|Any CPU
		{734E6D9D-091A-428A-875F-57D49B88AD44}.Release|Any CPU.Build.0 = Release|Any CPU
	EndGlobalSection
	GlobalSection(SolutionProperties) = preSolution
		HideSolutionNode = FALSE
	EndGlobalSection
	GlobalSection(ExtensibilityGlobals) = postSolution
		SolutionGuid = {8D035023-BF16-49F2-883D-B079D80C19D3}
	EndGlobalSection
EndGlobal
