
Microsoft Visual Studio Solution File, Format Version 12.00
# Visual Studio Version 16
VisualStudioVersion = 16.0.29519.87
MinimumVisualStudioVersion = 10.0.40219.1
Project("{FAE04EC0-301F-11D3-BF4B-00C04F79EFBC}") = "Toren van Hanoi", "Toren van Hanoi\Toren van Hanoi.csproj", "{5D399FC3-DC0F-4881-9189-900638C547E5}"
EndProject
Global
	GlobalSection(SolutionConfigurationPlatforms) = preSolution
		Debug|Any CPU = Debug|Any CPU
		Release|Any CPU = Release|Any CPU
	EndGlobalSection
	GlobalSection(ProjectConfigurationPlatforms) = postSolution
		{5D399FC3-DC0F-4881-9189-900638C547E5}.Debug|Any CPU.ActiveCfg = Debug|Any CPU
		{5D399FC3-DC0F-4881-9189-900638C547E5}.Debug|Any CPU.Build.0 = Debug|Any CPU
		{5D399FC3-DC0F-4881-9189-900638C547E5}.Release|Any CPU.ActiveCfg = Release|Any CPU
		{5D399FC3-DC0F-4881-9189-900638C547E5}.Release|Any CPU.Build.0 = Release|Any CPU
	EndGlobalSection
	GlobalSection(SolutionProperties) = preSolution
		HideSolutionNode = FALSE
	EndGlobalSection
	GlobalSection(ExtensibilityGlobals) = postSolution
		SolutionGuid = {5253999A-3115-4BA6-8873-8334D6D92852}
	EndGlobalSection
EndGlobal
