
Microsoft Visual Studio Solution File, Format Version 12.00
# Visual Studio Version 16
VisualStudioVersion = 16.0.29102.190
MinimumVisualStudioVersion = 10.0.40219.1
Project("{FAE04EC0-301F-11D3-BF4B-00C04F79EFBC}") = "Rekenmachine", "Rekenmachine.csproj", "{9E788D47-DFB1-4F15-942B-712D2735AA09}"
EndProject
Global
	GlobalSection(SolutionConfigurationPlatforms) = preSolution
		Debug|Any CPU = Debug|Any CPU
		Debug|x64 = Debug|x64
		Release|Any CPU = Release|Any CPU
		Release|x64 = Release|x64
	EndGlobalSection
	GlobalSection(ProjectConfigurationPlatforms) = postSolution
		{9E788D47-DFB1-4F15-942B-712D2735AA09}.Debug|Any CPU.ActiveCfg = Debug|Any CPU
		{9E788D47-DFB1-4F15-942B-712D2735AA09}.Debug|Any CPU.Build.0 = Debug|Any CPU
		{9E788D47-DFB1-4F15-942B-712D2735AA09}.Debug|x64.ActiveCfg = Debug|x64
		{9E788D47-DFB1-4F15-942B-712D2735AA09}.Debug|x64.Build.0 = Debug|x64
		{9E788D47-DFB1-4F15-942B-712D2735AA09}.Release|Any CPU.ActiveCfg = Release|Any CPU
		{9E788D47-DFB1-4F15-942B-712D2735AA09}.Release|Any CPU.Build.0 = Release|Any CPU
		{9E788D47-DFB1-4F15-942B-712D2735AA09}.Release|x64.ActiveCfg = Release|x64
		{9E788D47-DFB1-4F15-942B-712D2735AA09}.Release|x64.Build.0 = Release|x64
	EndGlobalSection
	GlobalSection(SolutionProperties) = preSolution
		HideSolutionNode = FALSE
	EndGlobalSection
	GlobalSection(ExtensibilityGlobals) = postSolution
		SolutionGuid = {9A900B5B-CE78-4A96-8D5C-8461EE0801F9}
	EndGlobalSection
EndGlobal
